
Microsoft Visual Studio Solution File, Format Version 12.00
# Visual Studio Version 17
VisualStudioVersion = 17.9.34616.47
MinimumVisualStudioVersion = 10.0.40219.1
Project("{FAE04EC0-301F-11D3-BF4B-00C04F79EFBC}") = "practiceOOP1", "practiceOOP1.csproj", "{7BEFA824-5129-4034-B6BA-5C72765368C1}"
EndProject
Global
	GlobalSection(SolutionConfigurationPlatforms) = preSolution
		Debug|Any CPU = Debug|Any CPU
		Release|Any CPU = Release|Any CPU
	EndGlobalSection
	GlobalSection(ProjectConfigurationPlatforms) = postSolution
		{7BEFA824-5129-4034-B6BA-5C72765368C1}.Debug|Any CPU.ActiveCfg = Debug|Any CPU
		{7BEFA824-5129-4034-B6BA-5C72765368C1}.Debug|Any CPU.Build.0 = Debug|Any CPU
		{7BEFA824-5129-4034-B6BA-5C72765368C1}.Release|Any CPU.ActiveCfg = Release|Any CPU
		{7BEFA824-5129-4034-B6BA-5C72765368C1}.Release|Any CPU.Build.0 = Release|Any CPU
	EndGlobalSection
	GlobalSection(SolutionProperties) = preSolution
		HideSolutionNode = FALSE
	EndGlobalSection
	GlobalSection(ExtensibilityGlobals) = postSolution
		SolutionGuid = {334E89B9-9049-434D-8787-4A66627FB48E}
	EndGlobalSection
EndGlobal
